# THIS IS AN AUTOGENERATED FILE. DO NOT EDIT THIS FILE DIRECTLY.
# yarn lockfile v1


"@hcaptcha/react-hcaptcha@^2.2.0":
  version "2.2.0"
  resolved "https://registry.yarnpkg.com/@hcaptcha/react-hcaptcha/-/react-hcaptcha-2.2.0.tgz#996e61c9901204ca102ffa11ae6a38521d425df0"
  integrity sha512-/HrPgNLRrJziLrh2s+qFRO33ubBSuHn9sdNsQcP0wQElpORxlpR6wnq3X9j/bZGd+uQtYIvPl4QSU2la+Jl9Hg==
